
Microsoft Visual Studio Solution File, Format Version 12.00
# Visual Studio Version 17
VisualStudioVersion = 17.2.32616.157
MinimumVisualStudioVersion = 10.0.40219.1
Project("{FAE04EC0-301F-11D3-BF4B-00C04F79EFBC}") = "Task6.5", "Task6.5\Task6.5.csproj", "{6556C463-CA19-4EEC-BE19-658406646BBD}"
EndProject
Global
	GlobalSection(SolutionConfigurationPlatforms) = preSolution
		Debug|Any CPU = Debug|Any CPU
		Release|Any CPU = Release|Any CPU
	EndGlobalSection
	GlobalSection(ProjectConfigurationPlatforms) = postSolution
		{6556C463-CA19-4EEC-BE19-658406646BBD}.Debug|Any CPU.ActiveCfg = Debug|Any CPU
		{6556C463-CA19-4EEC-BE19-658406646BBD}.Debug|Any CPU.Build.0 = Debug|Any CPU
		{6556C463-CA19-4EEC-BE19-658406646BBD}.Release|Any CPU.ActiveCfg = Release|Any CPU
		{6556C463-CA19-4EEC-BE19-658406646BBD}.Release|Any CPU.Build.0 = Release|Any CPU
	EndGlobalSection
	GlobalSection(SolutionProperties) = preSolution
		HideSolutionNode = FALSE
	EndGlobalSection
	GlobalSection(ExtensibilityGlobals) = postSolution
		SolutionGuid = {597F3073-6CD9-4162-B1B5-3CF359630A63}
	EndGlobalSection
EndGlobal
